<?xml version="1.0" encoding="utf-8"?>
<Project ToolsVersion="4.0" xmlns="http://schemas.microsoft.com/developer/msbuild/2003">
  <ItemGroup>
    <Filter Include="Source Files">
      <UniqueIdentifier>{4FC737F1-C7A5-4376-A066-2A32D752A2FF}</UniqueIdentifier>
      <Extensions>cpp;c;cc;cxx;c++;cppm;ixx;def;odl;idl;hpj;bat;asm;asmx</Extensions>
    </Filter>
    <Filter Include="Header Files">
      <UniqueIdentifier>{93995380-89BD-4b04-88EB-625FBE52EBFB}</UniqueIdentifier>
      <Extensions>h;hh;hpp;hxx;h++;hm;inl;inc;ipp;xsd</Extensions>
    </Filter>
    <Filter Include="Resource Files">
      <UniqueIdentifier>{67DA6AB6-F800-4c08-8B7A-83BB121AAD01}</UniqueIdentifier>
      <Extensions>rc;ico;cur;bmp;dlg;rc2;rct;bin;rgs;gif;jpg;jpeg;jpe;resx;tiff;tif;png;wav;mfcribbon-ms</Extensions>
    </Filter>
  </ItemGroup>
  <ItemGroup>
    <ClInclude Include="framework\framework.h">
      <Filter>Header Files</Filter>
    </ClInclude>
    <ClInclude Include="framework\pch.h">
      <Filter>Header Files</Filter>
    </ClInclude>
    <ClInclude Include="src\cheat-base\util.h">
      <Filter>Header Files</Filter>
    </ClInclude>
    <ClInclude Include="src\cheat-base\PipeTransfer.h">
      <Filter>Header Files</Filter>
    </ClInclude>
    <ClInclude Include="src\cheat-base\Logger.h">
      <Filter>Header Files</Filter>
    </ClInclude>
    <ClInclude Include="vendor\fmt\include\fmt\args.h">
      <Filter>Header Files</Filter>
    </ClInclude>
    <ClInclude Include="vendor\fmt\include\fmt\chrono.h">
      <Filter>Header Files</Filter>
    </ClInclude>
    <ClInclude Include="vendor\fmt\include\fmt\color.h">
      <Filter>Header Files</Filter>
    </ClInclude>
    <ClInclude Include="vendor\fmt\include\fmt\compile.h">
      <Filter>Header Files</Filter>
    </ClInclude>
    <ClInclude Include="vendor\fmt\include\fmt\core.h">
      <Filter>Header Files</Filter>
    </ClInclude>
    <ClInclude Include="vendor\fmt\include\fmt\format.h">
      <Filter>Header Files</Filter>
    </ClInclude>
    <ClInclude Include="vendor\fmt\include\fmt\format-inl.h">
      <Filter>Header Files</Filter>
    </ClInclude>
    <ClInclude Include="vendor\fmt\include\fmt\locale.h">
      <Filter>Header Files</Filter>
    </ClInclude>
    <ClInclude Include="vendor\fmt\include\fmt\os.h">
      <Filter>Header Files</Filter>
    </ClInclude>
    <ClInclude Include="vendor\fmt\include\fmt\ostream.h">
      <Filter>Header Files</Filter>
    </ClInclude>
    <ClInclude Include="vendor\fmt\include\fmt\printf.h">
      <Filter>Header Files</Filter>
    </ClInclude>
    <ClInclude Include="vendor\fmt\include\fmt\ranges.h">
      <Filter>Header Files</Filter>
    </ClInclude>
    <ClInclude Include="vendor\fmt\include\fmt\xchar.h">
      <Filter>Header Files</Filter>
    </ClInclude>
    <ClInclude Include="vendor\magic_enum\include\magic_enum.hpp">
      <Filter>Header Files</Filter>
    </ClInclude>
    <ClInclude Include="vendor\simpleIni\SimpleIni.h">
      <Filter>Header Files</Filter>
    </ClInclude>
    <ClInclude Include="vendor\detours\detours.h">
      <Filter>Header Files</Filter>
    </ClInclude>
    <ClInclude Include="vendor\detours\detver.h">
      <Filter>Header Files</Filter>
    </ClInclude>
    <ClInclude Include="src\cheat-base\HookManager.h">
      <Filter>Header Files</Filter>
    </ClInclude>
    <ClInclude Include="src\cheat-base\Patch.h">
      <Filter>Header Files</Filter>
    </ClInclude>
    <ClInclude Include="src\cheat-base\thread-safe.h">
      <Filter>Header Files</Filter>
    </ClInclude>
    <ClInclude Include="src\cheat-base\render\gui-util.h">
      <Filter>Header Files</Filter>
    </ClInclude>
    <ClInclude Include="src\cheat-base\render\renderer.h">
      <Filter>Header Files</Filter>
    </ClInclude>
    <ClInclude Include="src\cheat-base\render\backend\dx11-hook.h">
      <Filter>Header Files</Filter>
    </ClInclude>
    <ClInclude Include="src\cheat-base\cheat\CheatManagerBase.h">
      <Filter>Header Files</Filter>
    </ClInclude>
    <ClInclude Include="src\cheat-base\cheat\Feature.h">
      <Filter>Header Files</Filter>
    </ClInclude>
    <ClInclude Include="src\cheat-base\cheat\misc\Settings.h">
      <Filter>Header Files</Filter>
    </ClInclude>
    <ClInclude Include="src\cheat-base\PatternScanner.h">
      <Filter>Header Files</Filter>
    </ClInclude>
    <ClInclude Include="src\cheat-base\Hotkey.h">
      <Filter>Header Files</Filter>
    </ClInclude>
    <ClInclude Include="vendor\stb\stb_image.h">
      <Filter>Header Files</Filter>
    </ClInclude>
    <ClInclude Include="src\cheat-base\render\ImageLoader.h">
      <Filter>Header Files</Filter>
    </ClInclude>
    <ClInclude Include="src\cheat-base\ResourceLoader.h">
      <Filter>Header Files</Filter>
    </ClInclude>
    <ClInclude Include="src\cheat-base\config\config.h">
      <Filter>Header Files</Filter>
    </ClInclude>
    <ClInclude Include="src\cheat-base\config\FieldBase.h">
      <Filter>Header Files</Filter>
    </ClInclude>
    <ClInclude Include="src\cheat-base\config\Serializable.h">
      <Filter>Header Files</Filter>
    </ClInclude>
    <ClInclude Include="src\cheat-base\config\fields.h">
      <Filter>Header Files</Filter>
    </ClInclude>
    <ClInclude Include="src\cheat-base\config\FieldSerialize.h">
      <Filter>Header Files</Filter>
    </ClInclude>
    <ClInclude Include="src\cheat-base\config\internal\FieldEntry.h">
      <Filter>Header Files</Filter>
    </ClInclude>
    <ClInclude Include="src\cheat-base\config\internal\FieldSerialize.h">
      <Filter>Header Files</Filter>
    </ClInclude>
    <ClInclude Include="src\cheat-base\config\Field.h">
      <Filter>Header Files</Filter>
    </ClInclude>
    <ClInclude Include="src\cheat-base\config\converters.h">
      <Filter>Header Files</Filter>
    </ClInclude>
    <ClInclude Include="src\cheat-base\config\fields\Enum.h">
      <Filter>Header Files</Filter>
    </ClInclude>
    <ClInclude Include="src\cheat-base\config\internal\FieldBase.h">
      <Filter>Header Files</Filter>
    </ClInclude>
    <ClInclude Include="vendor\imgui-notify-v2\fa_solid_900.h">
      <Filter>Header Files</Filter>
    </ClInclude>
    <ClInclude Include="vendor\imgui-notify-v2\font_awesome_5.h">
      <Filter>Header Files</Filter>
    </ClInclude>
    <ClInclude Include="vendor\imgui-notify-v2\imgui_notify.h">
      <Filter>Header Files</Filter>
    </ClInclude>
    <ClInclude Include="src\cheat-base\config\fields\Toggle.h">
      <Filter>Header Files</Filter>
    </ClInclude>
    <ClInclude Include="src\cheat-base\events\handlers\helpers\innerholder.hpp">
      <Filter>Header Files</Filter>
    </ClInclude>
    <ClInclude Include="src\cheat-base\events\handlers\helpers\objectsaver.hpp">
      <Filter>Header Files</Filter>
    </ClInclude>
    <ClInclude Include="src\cheat-base\events\handlers\abstracteventhandler.hpp">
      <Filter>Header Files</Filter>
    </ClInclude>
    <ClInclude Include="src\cheat-base\events\handlers\eventhandlerptr.h">
      <Filter>Header Files</Filter>
    </ClInclude>
    <ClInclude Include="src\cheat-base\events\handlers\functoreventhandler.hpp">
      <Filter>Header Files</Filter>
    </ClInclude>
    <ClInclude Include="src\cheat-base\events\handlers\handlercast.hpp">
      <Filter>Header Files</Filter>
    </ClInclude>
    <ClInclude Include="src\cheat-base\events\handlers\methodeventhandler.hpp">
      <Filter>Header Files</Filter>
    </ClInclude>
    <ClInclude Include="src\cheat-base\events\helpers\is_equatable.hpp">
      <Filter>Header Files</Filter>
    </ClInclude>
    <ClInclude Include="src\cheat-base\events\joins\abstracteventjoin.h">
      <Filter>Header Files</Filter>
    </ClInclude>
    <ClInclude Include="src\cheat-base\events\joins\eventjoinwrapper.h">
      <Filter>Header Files</Filter>
    </ClInclude>
    <ClInclude Include="src\cheat-base\events\joins\eventjoinwrapper.hpp">
      <Filter>Header Files</Filter>
    </ClInclude>
    <ClInclude Include="src\cheat-base\events\joins\handlereventjoin.h">
      <Filter>Header Files</Filter>
    </ClInclude>
    <ClInclude Include="src\cheat-base\events\joins\handlereventjoin.hpp">
      <Filter>Header Files</Filter>
    </ClInclude>
    <ClInclude Include="src\cheat-base\events\event.hpp">
      <Filter>Header Files</Filter>
    </ClInclude>
    <ClInclude Include="src\cheat-base\globals.h">
      <Filter>Header Files</Filter>
    </ClInclude>
    <ClInclude Include="vendor\imgui\imgui_internal.h">
      <Filter>Header Files</Filter>
    </ClInclude>
    <ClInclude Include="vendor\imgui\imgui.h">
      <Filter>Header Files</Filter>
    </ClInclude>
    <ClInclude Include="vendor\imgui\imconfig.h">
      <Filter>Header Files</Filter>
    </ClInclude>
    <ClInclude Include="vendor\imgui\misc\cpp\imgui_stdlib.h">
      <Filter>Header Files</Filter>
    </ClInclude>
    <ClInclude Include="vendor\imgui\backends\imgui_impl_dx11.h">
      <Filter>Header Files</Filter>
    </ClInclude>
    <ClInclude Include="vendor\imgui\backends\imgui_impl_win32.h">
      <Filter>Header Files</Filter>
    </ClInclude>
    <ClInclude Include="src\cheat-base\singleton\Singleton.h">
      <Filter>Header Files</Filter>
    </ClInclude>
    <ClInclude Include="src\cheat-base\singleton\SingletonManager.h">
      <Filter>Header Files</Filter>
    </ClInclude>
    <ClInclude Include="src\cheat-base\inject\manual-map.h">
      <Filter>Header Files</Filter>
    </ClInclude>
    <ClInclude Include="src\cheat-base\inject\load-library.h">
      <Filter>Header Files</Filter>
    </ClInclude>
    <ClInclude Include="src\cheat-base\ISerializable.h">
      <Filter>Header Files</Filter>
    </ClInclude>
    <ClInclude Include="src\cheat-base\render\backend\dx12-hook.h">
      <Filter>Header Files</Filter>
    </ClInclude>
    <ClInclude Include="vendor\imgui\backends\imgui_impl_dx12.h">
      <Filter>Header Files</Filter>
    </ClInclude>
    <ClInclude Include="src\cheat-base\Translator.h">
      <Filter>Header Files</Filter>
    </ClInclude>
    <ClInclude Include="src\cheat-base\cheat\misc\Language.h">
      <Filter>Header Files</Filter>
    </ClInclude>
    <ClInclude Include="src\cheat-base\cheat\fields\NamedHotkey.h">
      <Filter>Header Files</Filter>
    </ClInclude>
    <ClInclude Include="src\cheat-base\cheat\fields\TranslatedHotkey.h">
      <Filter>Header Files</Filter>
    </ClInclude>
  </ItemGroup>
  <ItemGroup>
    <ClCompile Include="src\cheat-base\util.cpp">
      <Filter>Source Files</Filter>
    </ClCompile>
    <ClCompile Include="framework\pch.cpp">
      <Filter>Source Files</Filter>
    </ClCompile>
    <ClCompile Include="src\cheat-base\PipeTransfer.cpp">
      <Filter>Source Files</Filter>
    </ClCompile>
    <ClCompile Include="src\cheat-base\Logger.cpp">
      <Filter>Source Files</Filter>
    </ClCompile>
    <ClCompile Include="src\cheat-base\Patch.cpp">
      <Filter>Source Files</Filter>
    </ClCompile>
    <ClCompile Include="src\cheat-base\render\gui-util.cpp">
      <Filter>Source Files</Filter>
    </ClCompile>
    <ClCompile Include="src\cheat-base\render\renderer.cpp">
      <Filter>Source Files</Filter>
    </ClCompile>
    <ClCompile Include="src\cheat-base\render\backend\dx11-hook.cpp">
      <Filter>Source Files</Filter>
    </ClCompile>
    <ClCompile Include="src\cheat-base\cheat\CheatManagerBase.cpp">
      <Filter>Source Files</Filter>
    </ClCompile>
    <ClCompile Include="vendor\fmt\src\os.cc">
      <Filter>Source Files</Filter>
    </ClCompile>
    <ClCompile Include="vendor\fmt\src\format.cc">
      <Filter>Source Files</Filter>
    </ClCompile>
    <ClCompile Include="src\cheat-base\cheat\misc\Settings.cpp">
      <Filter>Source Files</Filter>
    </ClCompile>
    <ClCompile Include="src\cheat-base\PatternScanner.cpp">
      <Filter>Source Files</Filter>
    </ClCompile>
    <ClCompile Include="src\cheat-base\Hotkey.cpp">
      <Filter>Source Files</Filter>
    </ClCompile>
    <ClCompile Include="src\cheat-base\render\ImageLoader.cpp">
      <Filter>Source Files</Filter>
    </ClCompile>
    <ClCompile Include="src\cheat-base\ResourceLoader.cpp">
      <Filter>Source Files</Filter>
    </ClCompile>
    <ClCompile Include="src\cheat-base\config\config.cpp">
      <Filter>Source Files</Filter>
    </ClCompile>
    <ClCompile Include="src\cheat-base\events\joins\abstracteventjoin.cpp">
      <Filter>Source Files</Filter>
    </ClCompile>
    <ClCompile Include="src\cheat-base\events\joins\eventjoinwrapper.cpp">
      <Filter>Source Files</Filter>
    </ClCompile>
    <ClCompile Include="src\cheat-base\globals.cpp">
      <Filter>Source Files</Filter>
    </ClCompile>
    <ClCompile Include="vendor\imgui\imgui_demo.cpp">
      <Filter>Source Files</Filter>
    </ClCompile>
    <ClCompile Include="vendor\imgui\imgui_draw.cpp">
      <Filter>Source Files</Filter>
    </ClCompile>
    <ClCompile Include="vendor\imgui\imgui_tables.cpp">
      <Filter>Source Files</Filter>
    </ClCompile>
    <ClCompile Include="vendor\imgui\imgui_widgets.cpp">
      <Filter>Source Files</Filter>
    </ClCompile>
    <ClCompile Include="vendor\imgui\imgui.cpp">
      <Filter>Source Files</Filter>
    </ClCompile>
    <ClCompile Include="vendor\imgui\misc\cpp\imgui_stdlib.cpp">
      <Filter>Source Files</Filter>
    </ClCompile>
    <ClCompile Include="vendor\imgui\backends\imgui_impl_dx11.cpp">
      <Filter>Source Files</Filter>
    </ClCompile>
    <ClCompile Include="vendor\imgui\backends\imgui_impl_win32.cpp">
      <Filter>Source Files</Filter>
    </ClCompile>
    <ClCompile Include="src\cheat-base\inject\manual-map.cpp">
      <Filter>Source Files</Filter>
    </ClCompile>
    <ClCompile Include="src\cheat-base\inject\load-library.cpp">
      <Filter>Source Files</Filter>
    </ClCompile>
    <ClCompile Include="src\cheat-base\render\backend\dx12-hook.cpp">
      <Filter>Source Files</Filter>
    </ClCompile>
    <ClCompile Include="vendor\imgui\backends\imgui_impl_dx12.cpp">
      <Filter>Source Files</Filter>
    </ClCompile>
    <ClCompile Include="src\cheat-base\Translator.cpp">
      <Filter>Source Files</Filter>
    </ClCompile>
    <ClCompile Include="src\cheat-base\cheat\misc\Language.cpp">
      <Filter>Source Files</Filter>
    </ClCompile>
    <ClCompile Include="src\cheat-base\cheat\fields\NamedHotkey.cpp">
      <Filter>Source Files</Filter>
    </ClCompile>
    <ClCompile Include="src\cheat-base\cheat\fields\TranslatedHotkey.cpp">
      <Filter>Source Files</Filter>
    </ClCompile>
  </ItemGroup>
</Project>